
Microsoft Visual Studio Solution File, Format Version 12.00
# Visual Studio Version 17
VisualStudioVersion = 17.3.32922.545
MinimumVisualStudioVersion = 10.0.40219.1
Project("{FAE04EC0-301F-11D3-BF4B-00C04F79EFBC}") = "ConsoleApp2", "ConsoleApp2.csproj", "{8FEE69B6-EF8C-419B-804F-BF880D8C48FE}"
EndProject
Global
	GlobalSection(SolutionConfigurationPlatforms) = preSolution
		Debug|Any CPU = Debug|Any CPU
		Release|Any CPU = Release|Any CPU
	EndGlobalSection
	GlobalSection(ProjectConfigurationPlatforms) = postSolution
		{8FEE69B6-EF8C-419B-804F-BF880D8C48FE}.Debug|Any CPU.ActiveCfg = Debug|Any CPU
		{8FEE69B6-EF8C-419B-804F-BF880D8C48FE}.Debug|Any CPU.Build.0 = Debug|Any CPU
		{8FEE69B6-EF8C-419B-804F-BF880D8C48FE}.Release|Any CPU.ActiveCfg = Release|Any CPU
		{8FEE69B6-EF8C-419B-804F-BF880D8C48FE}.Release|Any CPU.Build.0 = Release|Any CPU
	EndGlobalSection
	GlobalSection(SolutionProperties) = preSolution
		HideSolutionNode = FALSE
	EndGlobalSection
	GlobalSection(ExtensibilityGlobals) = postSolution
		SolutionGuid = {0281F243-38A0-432E-AFE2-20E10470AC78}
	EndGlobalSection
EndGlobal
